
Microsoft Visual Studio Solution File, Format Version 12.00
# Visual Studio Version 18
VisualStudioVersion = 18.0.11012.119
MinimumVisualStudioVersion = 10.0.40219.1
Project("{2150E333-8FDC-42A3-9474-1A3956D46DE8}") = "UserService", "UserService", "{02EA681E-C7D8-13C7-8484-4AC65E1B71E8}"
EndProject
Project("{2150E333-8FDC-42A3-9474-1A3956D46DE8}") = "ProductService", "ProductService", "{4B0839D8-CD73-421B-986C-E5B501C63827}"
EndProject
Project("{2150E333-8FDC-42A3-9474-1A3956D46DE8}") = "CartService", "CartService", "{E6091EA0-774D-4521-86FD-941E8961F84F}"
EndProject
Project("{2150E333-8FDC-42A3-9474-1A3956D46DE8}") = "OrderService", "OrderService", "{7EDC640E-B93C-4A5B-9F2F-54603478D0C4}"
EndProject
Project("{2150E333-8FDC-42A3-9474-1A3956D46DE8}") = "DeliveryService", "DeliveryService", "{344ACC50-95DD-4D94-AAD3-FD9027AE1316}"
EndProject
Project("{2150E333-8FDC-42A3-9474-1A3956D46DE8}") = "NotificationService", "NotificationService", "{2D58ADA0-B355-4A9E-8ECC-E2703C0C57BA}"
EndProject
Project("{FAE04EC0-301F-11D3-BF4B-00C04F79EFBC}") = "ProductService.Api", "ProductService.Api\ProductService.Api.csproj", "{D07FD59C-63DB-44C8-B116-3DB13FD4CF6D}"
EndProject
Project("{FAE04EC0-301F-11D3-BF4B-00C04F79EFBC}") = "ProductService.Application", "ProductService.Application\ProductService.Application.csproj", "{F10EC4A1-3515-4180-BF50-9324CFEF76F6}"
EndProject
Project("{FAE04EC0-301F-11D3-BF4B-00C04F79EFBC}") = "ProductService.Domain", "ProductService.Domain\ProductService.Domain.csproj", "{4EDBF1FC-C13A-4F67-8E1C-07F904C7C80B}"
EndProject
Project("{FAE04EC0-301F-11D3-BF4B-00C04F79EFBC}") = "ProductService.Persistence", "ProductService.Persistence\ProductService.Persistence.csproj", "{63E7DA1E-8DC6-488D-B93B-F47867BB5841}"
EndProject
Project("{FAE04EC0-301F-11D3-BF4B-00C04F79EFBC}") = "OrderService.Api", "OrderService.Api\OrderService.Api.csproj", "{B0F3A033-70D4-4F2E-B909-AD732B1AF772}"
EndProject
Project("{FAE04EC0-301F-11D3-BF4B-00C04F79EFBC}") = "OrderService.Application", "OrderService.Application\OrderService.Application.csproj", "{00311207-405E-4C87-BA77-66BC1B214FAB}"
EndProject
Project("{FAE04EC0-301F-11D3-BF4B-00C04F79EFBC}") = "OrderService.Domain", "OrderService.Domain\OrderService.Domain.csproj", "{693B1C68-05CC-48FF-9558-9EA76D1A1EC8}"
EndProject
Project("{FAE04EC0-301F-11D3-BF4B-00C04F79EFBC}") = "OrderService.Persistence", "OrderService.Persistence\OrderService.Persistence.csproj", "{29FA07C7-EFFD-413B-96ED-1E2E33A94C6D}"
EndProject
Project("{FAE04EC0-301F-11D3-BF4B-00C04F79EFBC}") = "CartService.Api", "CartService.Api\CartService.Api.csproj", "{91FBFD28-DE6A-4FE7-A1C0-9D1CF43897DF}"
EndProject
Project("{FAE04EC0-301F-11D3-BF4B-00C04F79EFBC}") = "CartService.Application", "CartService.Application\CartService.Application.csproj", "{9E9A3EB1-C749-4033-80C3-24B17BA8E7E9}"
EndProject
Project("{FAE04EC0-301F-11D3-BF4B-00C04F79EFBC}") = "CartService.Persistence", "CartService.Persistence\CartService.Persistence.csproj", "{93E8A2E9-57C1-453D-B407-651089A9E417}"
EndProject
Project("{FAE04EC0-301F-11D3-BF4B-00C04F79EFBC}") = "CartService.Domain", "CartService.Domain\CartService.Domain.csproj", "{84596473-621A-44D3-B9FD-1CFD4C517584}"
EndProject
Project("{FAE04EC0-301F-11D3-BF4B-00C04F79EFBC}") = "DeliveryService.Api", "DeliveryService.Api\DeliveryService.Api.csproj", "{EFC58635-CF4B-4FEE-B84A-7E74F15B348D}"
EndProject
Project("{FAE04EC0-301F-11D3-BF4B-00C04F79EFBC}") = "DeliveryService.Application", "DeliveryService.Application\DeliveryService.Application.csproj", "{A9069C65-0B9D-4FED-A2DB-C9B1024FA330}"
EndProject
Project("{FAE04EC0-301F-11D3-BF4B-00C04F79EFBC}") = "DeliveryService.Persistence", "DeliveryService.Persistence\DeliveryService.Persistence.csproj", "{D69D0E7B-6BB5-4A0A-BFC3-4ECED25FF81F}"
EndProject
Project("{FAE04EC0-301F-11D3-BF4B-00C04F79EFBC}") = "DeliveryService.Domain", "DeliveryService.Domain\DeliveryService.Domain.csproj", "{61236798-CF37-4A3C-9C8F-0A1C7D4503BB}"
EndProject
Project("{FAE04EC0-301F-11D3-BF4B-00C04F79EFBC}") = "UserService.Api", "UserService.Api\UserService.Api.csproj", "{5BA325DB-0394-42C4-B090-A2016FF6F207}"
EndProject
Project("{FAE04EC0-301F-11D3-BF4B-00C04F79EFBC}") = "UserService.Application", "UserService.Application\UserService.Application.csproj", "{919586CB-EF72-4A20-826D-2C7EE5636E28}"
EndProject
Project("{FAE04EC0-301F-11D3-BF4B-00C04F79EFBC}") = "UserService.Persistence", "UserService.Persistence\UserService.Persistence.csproj", "{7F48F682-F738-4500-83C9-2D0BA4B6E1A2}"
EndProject
Project("{FAE04EC0-301F-11D3-BF4B-00C04F79EFBC}") = "UserService.Infrastructure", "UserService.Infrastructure\UserService.Infrastructure.csproj", "{C45ED20E-76B3-4FC4-8045-F62A9EF76CD7}"
EndProject
Project("{FAE04EC0-301F-11D3-BF4B-00C04F79EFBC}") = "UserService.Domain", "UserService.Domain\UserService.Domain.csproj", "{477DFE3E-38A9-4FFE-BDF7-3786E48E2093}"
EndProject
Project("{FAE04EC0-301F-11D3-BF4B-00C04F79EFBC}") = "NotificationService.Api", "NotificationService.Api\NotificationService.Api.csproj", "{AC3BA78C-5F1D-4CC0-9840-F02C93BBAB4A}"
EndProject
Project("{FAE04EC0-301F-11D3-BF4B-00C04F79EFBC}") = "NotificationService.Domain", "NotificationService.Domain\NotificationService.Domain.csproj", "{BE99A747-4C98-4F86-B761-53BE542F92C7}"
EndProject
Project("{FAE04EC0-301F-11D3-BF4B-00C04F79EFBC}") = "NotificationService.Application", "NotificationService.Application\NotificationService.Application.csproj", "{440A9C59-5605-4FD6-AB9B-394B5FE34F55}"
EndProject
Project("{FAE04EC0-301F-11D3-BF4B-00C04F79EFBC}") = "NotificationService.Persistence", "NotificationService.Persistence\NotificationService.Persistence.csproj", "{5D44F5C6-0722-4D3A-9DA6-0458C7AC00F7}"
EndProject
Project("{FAE04EC0-301F-11D3-BF4B-00C04F79EFBC}") = "Shared.Contracts", "Shared.Contracts\Shared.Contracts.csproj", "{4DC84085-829C-4B33-B17C-B7093A50D685}"
EndProject
Project("{2150E333-8FDC-42A3-9474-1A3956D46DE8}") = "Shared", "Shared", "{EDF025EE-2153-4501-8CA9-972A7070769D}"
EndProject
Project("{2150E333-8FDC-42A3-9474-1A3956D46DE8}") = "Solution Items", "Solution Items", "{73E6DEBC-5D85-E032-7380-14D1E53616C6}"
	ProjectSection(SolutionItems) = preProject
		k8s\cartservice.yaml = k8s\cartservice.yaml
		.github\workflows\ci-cd.yml = .github\workflows\ci-cd.yml
		k8s\deliveryservice.yaml = k8s\deliveryservice.yaml
		docker-compose.yml = docker-compose.yml
		k8s\gatewayservice.yaml = k8s\gatewayservice.yaml
		k8s\namespace.yaml = k8s\namespace.yaml
		k8s\notificationservice.yaml = k8s\notificationservice.yaml
		k8s\orderservice.yaml = k8s\orderservice.yaml
		k8s\paymentservice.yaml = k8s\paymentservice.yaml
		k8s\productservice.yaml = k8s\productservice.yaml
		k8s\userservice.yaml = k8s\userservice.yaml
	EndProjectSection
EndProject
Project("{2150E333-8FDC-42A3-9474-1A3956D46DE8}") = "Tests", "Tests", "{3AC1EB1E-78B9-4427-81C8-5ED68E2218B5}"
EndProject
Project("{2150E333-8FDC-42A3-9474-1A3956D46DE8}") = "CartService", "CartService", "{1F93BD40-5B20-4FDB-A54A-0EB65B2B1FA9}"
EndProject
Project("{2150E333-8FDC-42A3-9474-1A3956D46DE8}") = "DeliveryService", "DeliveryService", "{E0AAE0DE-A54C-4B96-B38E-2A296D94D7C3}"
EndProject
Project("{2150E333-8FDC-42A3-9474-1A3956D46DE8}") = "OrderService", "OrderService", "{37BD24A9-AE9D-437D-840B-74DC44800CE5}"
EndProject
Project("{2150E333-8FDC-42A3-9474-1A3956D46DE8}") = "ProductService", "ProductService", "{49D57EE9-D44C-4630-9EE0-44BBC35C065D}"
EndProject
Project("{2150E333-8FDC-42A3-9474-1A3956D46DE8}") = "NotificationService", "NotificationService", "{07267270-2A5C-4E36-A9C9-0CFED4F9C1FF}"
EndProject
Project("{2150E333-8FDC-42A3-9474-1A3956D46DE8}") = "UserService", "UserService", "{C8542865-2542-4EE9-B567-02BAB7C504D0}"
EndProject
Project("{FAE04EC0-301F-11D3-BF4B-00C04F79EFBC}") = "ProductService.UnitTests", "PorudctService.UnitTests\ProductService.UnitTests.csproj", "{03384FFB-5126-418E-A01C-63B06EBDDA0D}"
EndProject
Project("{FAE04EC0-301F-11D3-BF4B-00C04F79EFBC}") = "CartService.UnitTests", "CartService.UnitTests\CartService.UnitTests.csproj", "{8AC38094-2C8A-4DB9-B611-AFF53AB91DF5}"
EndProject
Project("{FAE04EC0-301F-11D3-BF4B-00C04F79EFBC}") = "CartService.IntegrationTests", "CartService.IntegrationTests\CartService.IntegrationTests.csproj", "{30E7D109-7B20-4FAE-8ECE-2D67C6A2DE09}"
EndProject
Project("{FAE04EC0-301F-11D3-BF4B-00C04F79EFBC}") = "DeliveryService.UnitTests", "DeliveryService.UnitTests\DeliveryService.UnitTests.csproj", "{FC83A7BA-CC52-4CD3-8EDC-558CB11EC068}"
EndProject
Project("{FAE04EC0-301F-11D3-BF4B-00C04F79EFBC}") = "DeliveryService.IntegrationTests", "DeliveryService.IntegrationTests\DeliveryService.IntegrationTests.csproj", "{2A65A3C9-0AB6-443B-A5BC-6EA2F73CD150}"
EndProject
Project("{FAE04EC0-301F-11D3-BF4B-00C04F79EFBC}") = "NotificationService.UnitTests", "NotificationService.UnitTests\NotificationService.UnitTests.csproj", "{66CD8F5A-D96B-40DE-BBE8-70B30B4DAC0B}"
EndProject
Project("{FAE04EC0-301F-11D3-BF4B-00C04F79EFBC}") = "NotificationService.IntegrationTests", "NotificationService.IntegrationTests\NotificationService.IntegrationTests.csproj", "{CD519BD5-5726-428D-AA64-EC7AB2FB1590}"
EndProject
Project("{FAE04EC0-301F-11D3-BF4B-00C04F79EFBC}") = "OrderService.UnitTests", "OrderService.UnitTests\OrderService.UnitTests.csproj", "{040F02AE-FDD0-46CA-ADAB-6A539650E8B0}"
EndProject
Project("{FAE04EC0-301F-11D3-BF4B-00C04F79EFBC}") = "OrderService.IntegrationTests", "OrderService.IntegrationTests\OrderService.IntegrationTests.csproj", "{4AC00106-797A-4E5D-83A3-8E4B6A69B5E8}"
EndProject
Project("{FAE04EC0-301F-11D3-BF4B-00C04F79EFBC}") = "UserService.UnitTests", "UserService.UnitTests\UserService.UnitTests.csproj", "{55040531-BCE1-481A-8EB2-6EEEADD9DE3A}"
EndProject
Project("{2150E333-8FDC-42A3-9474-1A3956D46DE8}") = "PaymentService", "PaymentService", "{E8EC15FF-7352-44A3-8776-99C09975D7AD}"
EndProject
Project("{FAE04EC0-301F-11D3-BF4B-00C04F79EFBC}") = "PaymentService.Api", "PaymentService.Api\PaymentService.Api.csproj", "{754298AC-7CC1-4F59-A334-275BF8E49956}"
EndProject
Project("{FAE04EC0-301F-11D3-BF4B-00C04F79EFBC}") = "GatewayService", "GatewayService\GatewayService.csproj", "{161D99A9-7165-4F0E-AD27-C89C10D2C2AA}"
EndProject
Project("{FAE04EC0-301F-11D3-BF4B-00C04F79EFBC}") = "ECommerceApp.AppHost", "ECommerceApp.AppHost\ECommerceApp.AppHost.csproj", "{0F5B9B16-44CD-47FA-AE07-78676DC65A0A}"
EndProject
Global
	GlobalSection(SolutionConfigurationPlatforms) = preSolution
		Debug|Any CPU = Debug|Any CPU
		Release|Any CPU = Release|Any CPU
	EndGlobalSection
	GlobalSection(ProjectConfigurationPlatforms) = postSolution
		{D07FD59C-63DB-44C8-B116-3DB13FD4CF6D}.Debug|Any CPU.ActiveCfg = Debug|Any CPU
		{D07FD59C-63DB-44C8-B116-3DB13FD4CF6D}.Debug|Any CPU.Build.0 = Debug|Any CPU
		{D07FD59C-63DB-44C8-B116-3DB13FD4CF6D}.Release|Any CPU.ActiveCfg = Release|Any CPU
		{D07FD59C-63DB-44C8-B116-3DB13FD4CF6D}.Release|Any CPU.Build.0 = Release|Any CPU
		{F10EC4A1-3515-4180-BF50-9324CFEF76F6}.Debug|Any CPU.ActiveCfg = Debug|Any CPU
		{F10EC4A1-3515-4180-BF50-9324CFEF76F6}.Debug|Any CPU.Build.0 = Debug|Any CPU
		{F10EC4A1-3515-4180-BF50-9324CFEF76F6}.Release|Any CPU.ActiveCfg = Release|Any CPU
		{F10EC4A1-3515-4180-BF50-9324CFEF76F6}.Release|Any CPU.Build.0 = Release|Any CPU
		{4EDBF1FC-C13A-4F67-8E1C-07F904C7C80B}.Debug|Any CPU.ActiveCfg = Debug|Any CPU
		{4EDBF1FC-C13A-4F67-8E1C-07F904C7C80B}.Debug|Any CPU.Build.0 = Debug|Any CPU
		{4EDBF1FC-C13A-4F67-8E1C-07F904C7C80B}.Release|Any CPU.ActiveCfg = Release|Any CPU
		{4EDBF1FC-C13A-4F67-8E1C-07F904C7C80B}.Release|Any CPU.Build.0 = Release|Any CPU
		{63E7DA1E-8DC6-488D-B93B-F47867BB5841}.Debug|Any CPU.ActiveCfg = Debug|Any CPU
		{63E7DA1E-8DC6-488D-B93B-F47867BB5841}.Debug|Any CPU.Build.0 = Debug|Any CPU
		{63E7DA1E-8DC6-488D-B93B-F47867BB5841}.Release|Any CPU.ActiveCfg = Release|Any CPU
		{63E7DA1E-8DC6-488D-B93B-F47867BB5841}.Release|Any CPU.Build.0 = Release|Any CPU
		{B0F3A033-70D4-4F2E-B909-AD732B1AF772}.Debug|Any CPU.ActiveCfg = Debug|Any CPU
		{B0F3A033-70D4-4F2E-B909-AD732B1AF772}.Debug|Any CPU.Build.0 = Debug|Any CPU
		{B0F3A033-70D4-4F2E-B909-AD732B1AF772}.Release|Any CPU.ActiveCfg = Release|Any CPU
		{B0F3A033-70D4-4F2E-B909-AD732B1AF772}.Release|Any CPU.Build.0 = Release|Any CPU
		{00311207-405E-4C87-BA77-66BC1B214FAB}.Debug|Any CPU.ActiveCfg = Debug|Any CPU
		{00311207-405E-4C87-BA77-66BC1B214FAB}.Debug|Any CPU.Build.0 = Debug|Any CPU
		{00311207-405E-4C87-BA77-66BC1B214FAB}.Release|Any CPU.ActiveCfg = Release|Any CPU
		{00311207-405E-4C87-BA77-66BC1B214FAB}.Release|Any CPU.Build.0 = Release|Any CPU
		{693B1C68-05CC-48FF-9558-9EA76D1A1EC8}.Debug|Any CPU.ActiveCfg = Debug|Any CPU
		{693B1C68-05CC-48FF-9558-9EA76D1A1EC8}.Debug|Any CPU.Build.0 = Debug|Any CPU
		{693B1C68-05CC-48FF-9558-9EA76D1A1EC8}.Release|Any CPU.ActiveCfg = Release|Any CPU
		{693B1C68-05CC-48FF-9558-9EA76D1A1EC8}.Release|Any CPU.Build.0 = Release|Any CPU
		{29FA07C7-EFFD-413B-96ED-1E2E33A94C6D}.Debug|Any CPU.ActiveCfg = Debug|Any CPU
		{29FA07C7-EFFD-413B-96ED-1E2E33A94C6D}.Debug|Any CPU.Build.0 = Debug|Any CPU
		{29FA07C7-EFFD-413B-96ED-1E2E33A94C6D}.Release|Any CPU.ActiveCfg = Release|Any CPU
		{29FA07C7-EFFD-413B-96ED-1E2E33A94C6D}.Release|Any CPU.Build.0 = Release|Any CPU
		{91FBFD28-DE6A-4FE7-A1C0-9D1CF43897DF}.Debug|Any CPU.ActiveCfg = Debug|Any CPU
		{91FBFD28-DE6A-4FE7-A1C0-9D1CF43897DF}.Debug|Any CPU.Build.0 = Debug|Any CPU
		{91FBFD28-DE6A-4FE7-A1C0-9D1CF43897DF}.Release|Any CPU.ActiveCfg = Release|Any CPU
		{91FBFD28-DE6A-4FE7-A1C0-9D1CF43897DF}.Release|Any CPU.Build.0 = Release|Any CPU
		{9E9A3EB1-C749-4033-80C3-24B17BA8E7E9}.Debug|Any CPU.ActiveCfg = Debug|Any CPU
		{9E9A3EB1-C749-4033-80C3-24B17BA8E7E9}.Debug|Any CPU.Build.0 = Debug|Any CPU
		{9E9A3EB1-C749-4033-80C3-24B17BA8E7E9}.Release|Any CPU.ActiveCfg = Release|Any CPU
		{9E9A3EB1-C749-4033-80C3-24B17BA8E7E9}.Release|Any CPU.Build.0 = Release|Any CPU
		{93E8A2E9-57C1-453D-B407-651089A9E417}.Debug|Any CPU.ActiveCfg = Debug|Any CPU
		{93E8A2E9-57C1-453D-B407-651089A9E417}.Debug|Any CPU.Build.0 = Debug|Any CPU
		{93E8A2E9-57C1-453D-B407-651089A9E417}.Release|Any CPU.ActiveCfg = Release|Any CPU
		{93E8A2E9-57C1-453D-B407-651089A9E417}.Release|Any CPU.Build.0 = Release|Any CPU
		{84596473-621A-44D3-B9FD-1CFD4C517584}.Debug|Any CPU.ActiveCfg = Debug|Any CPU
		{84596473-621A-44D3-B9FD-1CFD4C517584}.Debug|Any CPU.Build.0 = Debug|Any CPU
		{84596473-621A-44D3-B9FD-1CFD4C517584}.Release|Any CPU.ActiveCfg = Release|Any CPU
		{84596473-621A-44D3-B9FD-1CFD4C517584}.Release|Any CPU.Build.0 = Release|Any CPU
		{EFC58635-CF4B-4FEE-B84A-7E74F15B348D}.Debug|Any CPU.ActiveCfg = Debug|Any CPU
		{EFC58635-CF4B-4FEE-B84A-7E74F15B348D}.Debug|Any CPU.Build.0 = Debug|Any CPU
		{EFC58635-CF4B-4FEE-B84A-7E74F15B348D}.Release|Any CPU.ActiveCfg = Release|Any CPU
		{EFC58635-CF4B-4FEE-B84A-7E74F15B348D}.Release|Any CPU.Build.0 = Release|Any CPU
		{A9069C65-0B9D-4FED-A2DB-C9B1024FA330}.Debug|Any CPU.ActiveCfg = Debug|Any CPU
		{A9069C65-0B9D-4FED-A2DB-C9B1024FA330}.Debug|Any CPU.Build.0 = Debug|Any CPU
		{A9069C65-0B9D-4FED-A2DB-C9B1024FA330}.Release|Any CPU.ActiveCfg = Release|Any CPU
		{A9069C65-0B9D-4FED-A2DB-C9B1024FA330}.Release|Any CPU.Build.0 = Release|Any CPU
		{D69D0E7B-6BB5-4A0A-BFC3-4ECED25FF81F}.Debug|Any CPU.ActiveCfg = Debug|Any CPU
		{D69D0E7B-6BB5-4A0A-BFC3-4ECED25FF81F}.Debug|Any CPU.Build.0 = Debug|Any CPU
		{D69D0E7B-6BB5-4A0A-BFC3-4ECED25FF81F}.Release|Any CPU.ActiveCfg = Release|Any CPU
		{D69D0E7B-6BB5-4A0A-BFC3-4ECED25FF81F}.Release|Any CPU.Build.0 = Release|Any CPU
		{61236798-CF37-4A3C-9C8F-0A1C7D4503BB}.Debug|Any CPU.ActiveCfg = Debug|Any CPU
		{61236798-CF37-4A3C-9C8F-0A1C7D4503BB}.Debug|Any CPU.Build.0 = Debug|Any CPU
		{61236798-CF37-4A3C-9C8F-0A1C7D4503BB}.Release|Any CPU.ActiveCfg = Release|Any CPU
		{61236798-CF37-4A3C-9C8F-0A1C7D4503BB}.Release|Any CPU.Build.0 = Release|Any CPU
		{5BA325DB-0394-42C4-B090-A2016FF6F207}.Debug|Any CPU.ActiveCfg = Debug|Any CPU
		{5BA325DB-0394-42C4-B090-A2016FF6F207}.Debug|Any CPU.Build.0 = Debug|Any CPU
		{5BA325DB-0394-42C4-B090-A2016FF6F207}.Release|Any CPU.ActiveCfg = Release|Any CPU
		{5BA325DB-0394-42C4-B090-A2016FF6F207}.Release|Any CPU.Build.0 = Release|Any CPU
		{919586CB-EF72-4A20-826D-2C7EE5636E28}.Debug|Any CPU.ActiveCfg = Debug|Any CPU
		{919586CB-EF72-4A20-826D-2C7EE5636E28}.Debug|Any CPU.Build.0 = Debug|Any CPU
		{919586CB-EF72-4A20-826D-2C7EE5636E28}.Release|Any CPU.ActiveCfg = Release|Any CPU
		{919586CB-EF72-4A20-826D-2C7EE5636E28}.Release|Any CPU.Build.0 = Release|Any CPU
		{7F48F682-F738-4500-83C9-2D0BA4B6E1A2}.Debug|Any CPU.ActiveCfg = Debug|Any CPU
		{7F48F682-F738-4500-83C9-2D0BA4B6E1A2}.Debug|Any CPU.Build.0 = Debug|Any CPU
		{7F48F682-F738-4500-83C9-2D0BA4B6E1A2}.Release|Any CPU.ActiveCfg = Release|Any CPU
		{7F48F682-F738-4500-83C9-2D0BA4B6E1A2}.Release|Any CPU.Build.0 = Release|Any CPU
		{C45ED20E-76B3-4FC4-8045-F62A9EF76CD7}.Debug|Any CPU.ActiveCfg = Debug|Any CPU
		{C45ED20E-76B3-4FC4-8045-F62A9EF76CD7}.Debug|Any CPU.Build.0 = Debug|Any CPU
		{C45ED20E-76B3-4FC4-8045-F62A9EF76CD7}.Release|Any CPU.ActiveCfg = Release|Any CPU
		{C45ED20E-76B3-4FC4-8045-F62A9EF76CD7}.Release|Any CPU.Build.0 = Release|Any CPU
		{477DFE3E-38A9-4FFE-BDF7-3786E48E2093}.Debug|Any CPU.ActiveCfg = Debug|Any CPU
		{477DFE3E-38A9-4FFE-BDF7-3786E48E2093}.Debug|Any CPU.Build.0 = Debug|Any CPU
		{477DFE3E-38A9-4FFE-BDF7-3786E48E2093}.Release|Any CPU.ActiveCfg = Release|Any CPU
		{477DFE3E-38A9-4FFE-BDF7-3786E48E2093}.Release|Any CPU.Build.0 = Release|Any CPU
		{AC3BA78C-5F1D-4CC0-9840-F02C93BBAB4A}.Debug|Any CPU.ActiveCfg = Debug|Any CPU
		{AC3BA78C-5F1D-4CC0-9840-F02C93BBAB4A}.Debug|Any CPU.Build.0 = Debug|Any CPU
		{AC3BA78C-5F1D-4CC0-9840-F02C93BBAB4A}.Release|Any CPU.ActiveCfg = Release|Any CPU
		{AC3BA78C-5F1D-4CC0-9840-F02C93BBAB4A}.Release|Any CPU.Build.0 = Release|Any CPU
		{BE99A747-4C98-4F86-B761-53BE542F92C7}.Debug|Any CPU.ActiveCfg = Debug|Any CPU
		{BE99A747-4C98-4F86-B761-53BE542F92C7}.Debug|Any CPU.Build.0 = Debug|Any CPU
		{BE99A747-4C98-4F86-B761-53BE542F92C7}.Release|Any CPU.ActiveCfg = Release|Any CPU
		{BE99A747-4C98-4F86-B761-53BE542F92C7}.Release|Any CPU.Build.0 = Release|Any CPU
		{440A9C59-5605-4FD6-AB9B-394B5FE34F55}.Debug|Any CPU.ActiveCfg = Debug|Any CPU
		{440A9C59-5605-4FD6-AB9B-394B5FE34F55}.Debug|Any CPU.Build.0 = Debug|Any CPU
		{440A9C59-5605-4FD6-AB9B-394B5FE34F55}.Release|Any CPU.ActiveCfg = Release|Any CPU
		{440A9C59-5605-4FD6-AB9B-394B5FE34F55}.Release|Any CPU.Build.0 = Release|Any CPU
		{5D44F5C6-0722-4D3A-9DA6-0458C7AC00F7}.Debug|Any CPU.ActiveCfg = Debug|Any CPU
		{5D44F5C6-0722-4D3A-9DA6-0458C7AC00F7}.Debug|Any CPU.Build.0 = Debug|Any CPU
		{5D44F5C6-0722-4D3A-9DA6-0458C7AC00F7}.Release|Any CPU.ActiveCfg = Release|Any CPU
		{5D44F5C6-0722-4D3A-9DA6-0458C7AC00F7}.Release|Any CPU.Build.0 = Release|Any CPU
		{4DC84085-829C-4B33-B17C-B7093A50D685}.Debug|Any CPU.ActiveCfg = Debug|Any CPU
		{4DC84085-829C-4B33-B17C-B7093A50D685}.Debug|Any CPU.Build.0 = Debug|Any CPU
		{4DC84085-829C-4B33-B17C-B7093A50D685}.Release|Any CPU.ActiveCfg = Release|Any CPU
		{4DC84085-829C-4B33-B17C-B7093A50D685}.Release|Any CPU.Build.0 = Release|Any CPU
		{03384FFB-5126-418E-A01C-63B06EBDDA0D}.Debug|Any CPU.ActiveCfg = Debug|Any CPU
		{03384FFB-5126-418E-A01C-63B06EBDDA0D}.Debug|Any CPU.Build.0 = Debug|Any CPU
		{03384FFB-5126-418E-A01C-63B06EBDDA0D}.Release|Any CPU.ActiveCfg = Release|Any CPU
		{03384FFB-5126-418E-A01C-63B06EBDDA0D}.Release|Any CPU.Build.0 = Release|Any CPU
		{8AC38094-2C8A-4DB9-B611-AFF53AB91DF5}.Debug|Any CPU.ActiveCfg = Debug|Any CPU
		{8AC38094-2C8A-4DB9-B611-AFF53AB91DF5}.Debug|Any CPU.Build.0 = Debug|Any CPU
		{8AC38094-2C8A-4DB9-B611-AFF53AB91DF5}.Release|Any CPU.ActiveCfg = Release|Any CPU
		{8AC38094-2C8A-4DB9-B611-AFF53AB91DF5}.Release|Any CPU.Build.0 = Release|Any CPU
		{30E7D109-7B20-4FAE-8ECE-2D67C6A2DE09}.Debug|Any CPU.ActiveCfg = Debug|Any CPU
		{30E7D109-7B20-4FAE-8ECE-2D67C6A2DE09}.Debug|Any CPU.Build.0 = Debug|Any CPU
		{30E7D109-7B20-4FAE-8ECE-2D67C6A2DE09}.Release|Any CPU.ActiveCfg = Release|Any CPU
		{30E7D109-7B20-4FAE-8ECE-2D67C6A2DE09}.Release|Any CPU.Build.0 = Release|Any CPU
		{FC83A7BA-CC52-4CD3-8EDC-558CB11EC068}.Debug|Any CPU.ActiveCfg = Debug|Any CPU
		{FC83A7BA-CC52-4CD3-8EDC-558CB11EC068}.Debug|Any CPU.Build.0 = Debug|Any CPU
		{FC83A7BA-CC52-4CD3-8EDC-558CB11EC068}.Release|Any CPU.ActiveCfg = Release|Any CPU
		{FC83A7BA-CC52-4CD3-8EDC-558CB11EC068}.Release|Any CPU.Build.0 = Release|Any CPU
		{2A65A3C9-0AB6-443B-A5BC-6EA2F73CD150}.Debug|Any CPU.ActiveCfg = Debug|Any CPU
		{2A65A3C9-0AB6-443B-A5BC-6EA2F73CD150}.Debug|Any CPU.Build.0 = Debug|Any CPU
		{2A65A3C9-0AB6-443B-A5BC-6EA2F73CD150}.Release|Any CPU.ActiveCfg = Release|Any CPU
		{2A65A3C9-0AB6-443B-A5BC-6EA2F73CD150}.Release|Any CPU.Build.0 = Release|Any CPU
		{66CD8F5A-D96B-40DE-BBE8-70B30B4DAC0B}.Debug|Any CPU.ActiveCfg = Debug|Any CPU
		{66CD8F5A-D96B-40DE-BBE8-70B30B4DAC0B}.Debug|Any CPU.Build.0 = Debug|Any CPU
		{66CD8F5A-D96B-40DE-BBE8-70B30B4DAC0B}.Release|Any CPU.ActiveCfg = Release|Any CPU
		{66CD8F5A-D96B-40DE-BBE8-70B30B4DAC0B}.Release|Any CPU.Build.0 = Release|Any CPU
		{CD519BD5-5726-428D-AA64-EC7AB2FB1590}.Debug|Any CPU.ActiveCfg = Debug|Any CPU
		{CD519BD5-5726-428D-AA64-EC7AB2FB1590}.Debug|Any CPU.Build.0 = Debug|Any CPU
		{CD519BD5-5726-428D-AA64-EC7AB2FB1590}.Release|Any CPU.ActiveCfg = Release|Any CPU
		{CD519BD5-5726-428D-AA64-EC7AB2FB1590}.Release|Any CPU.Build.0 = Release|Any CPU
		{040F02AE-FDD0-46CA-ADAB-6A539650E8B0}.Debug|Any CPU.ActiveCfg = Debug|Any CPU
		{040F02AE-FDD0-46CA-ADAB-6A539650E8B0}.Debug|Any CPU.Build.0 = Debug|Any CPU
		{040F02AE-FDD0-46CA-ADAB-6A539650E8B0}.Release|Any CPU.ActiveCfg = Release|Any CPU
		{040F02AE-FDD0-46CA-ADAB-6A539650E8B0}.Release|Any CPU.Build.0 = Release|Any CPU
		{4AC00106-797A-4E5D-83A3-8E4B6A69B5E8}.Debug|Any CPU.ActiveCfg = Debug|Any CPU
		{4AC00106-797A-4E5D-83A3-8E4B6A69B5E8}.Debug|Any CPU.Build.0 = Debug|Any CPU
		{4AC00106-797A-4E5D-83A3-8E4B6A69B5E8}.Release|Any CPU.ActiveCfg = Release|Any CPU
		{4AC00106-797A-4E5D-83A3-8E4B6A69B5E8}.Release|Any CPU.Build.0 = Release|Any CPU
		{55040531-BCE1-481A-8EB2-6EEEADD9DE3A}.Debug|Any CPU.ActiveCfg = Debug|Any CPU
		{55040531-BCE1-481A-8EB2-6EEEADD9DE3A}.Debug|Any CPU.Build.0 = Debug|Any CPU
		{55040531-BCE1-481A-8EB2-6EEEADD9DE3A}.Release|Any CPU.ActiveCfg = Release|Any CPU
		{55040531-BCE1-481A-8EB2-6EEEADD9DE3A}.Release|Any CPU.Build.0 = Release|Any CPU
		{754298AC-7CC1-4F59-A334-275BF8E49956}.Debug|Any CPU.ActiveCfg = Debug|Any CPU
		{754298AC-7CC1-4F59-A334-275BF8E49956}.Debug|Any CPU.Build.0 = Debug|Any CPU
		{754298AC-7CC1-4F59-A334-275BF8E49956}.Release|Any CPU.ActiveCfg = Release|Any CPU
		{754298AC-7CC1-4F59-A334-275BF8E49956}.Release|Any CPU.Build.0 = Release|Any CPU
		{161D99A9-7165-4F0E-AD27-C89C10D2C2AA}.Debug|Any CPU.ActiveCfg = Debug|Any CPU
		{161D99A9-7165-4F0E-AD27-C89C10D2C2AA}.Debug|Any CPU.Build.0 = Debug|Any CPU
		{161D99A9-7165-4F0E-AD27-C89C10D2C2AA}.Release|Any CPU.ActiveCfg = Release|Any CPU
		{161D99A9-7165-4F0E-AD27-C89C10D2C2AA}.Release|Any CPU.Build.0 = Release|Any CPU
		{0F5B9B16-44CD-47FA-AE07-78676DC65A0A}.Debug|Any CPU.ActiveCfg = Debug|Any CPU
		{0F5B9B16-44CD-47FA-AE07-78676DC65A0A}.Debug|Any CPU.Build.0 = Debug|Any CPU
		{0F5B9B16-44CD-47FA-AE07-78676DC65A0A}.Release|Any CPU.ActiveCfg = Release|Any CPU
		{0F5B9B16-44CD-47FA-AE07-78676DC65A0A}.Release|Any CPU.Build.0 = Release|Any CPU
	EndGlobalSection
	GlobalSection(SolutionProperties) = preSolution
		HideSolutionNode = FALSE
	EndGlobalSection
	GlobalSection(NestedProjects) = preSolution
		{D07FD59C-63DB-44C8-B116-3DB13FD4CF6D} = {4B0839D8-CD73-421B-986C-E5B501C63827}
		{F10EC4A1-3515-4180-BF50-9324CFEF76F6} = {4B0839D8-CD73-421B-986C-E5B501C63827}
		{4EDBF1FC-C13A-4F67-8E1C-07F904C7C80B} = {4B0839D8-CD73-421B-986C-E5B501C63827}
		{63E7DA1E-8DC6-488D-B93B-F47867BB5841} = {4B0839D8-CD73-421B-986C-E5B501C63827}
		{B0F3A033-70D4-4F2E-B909-AD732B1AF772} = {7EDC640E-B93C-4A5B-9F2F-54603478D0C4}
		{00311207-405E-4C87-BA77-66BC1B214FAB} = {7EDC640E-B93C-4A5B-9F2F-54603478D0C4}
		{693B1C68-05CC-48FF-9558-9EA76D1A1EC8} = {7EDC640E-B93C-4A5B-9F2F-54603478D0C4}
		{29FA07C7-EFFD-413B-96ED-1E2E33A94C6D} = {7EDC640E-B93C-4A5B-9F2F-54603478D0C4}
		{91FBFD28-DE6A-4FE7-A1C0-9D1CF43897DF} = {E6091EA0-774D-4521-86FD-941E8961F84F}
		{9E9A3EB1-C749-4033-80C3-24B17BA8E7E9} = {E6091EA0-774D-4521-86FD-941E8961F84F}
		{93E8A2E9-57C1-453D-B407-651089A9E417} = {E6091EA0-774D-4521-86FD-941E8961F84F}
		{84596473-621A-44D3-B9FD-1CFD4C517584} = {E6091EA0-774D-4521-86FD-941E8961F84F}
		{EFC58635-CF4B-4FEE-B84A-7E74F15B348D} = {344ACC50-95DD-4D94-AAD3-FD9027AE1316}
		{A9069C65-0B9D-4FED-A2DB-C9B1024FA330} = {344ACC50-95DD-4D94-AAD3-FD9027AE1316}
		{D69D0E7B-6BB5-4A0A-BFC3-4ECED25FF81F} = {344ACC50-95DD-4D94-AAD3-FD9027AE1316}
		{61236798-CF37-4A3C-9C8F-0A1C7D4503BB} = {344ACC50-95DD-4D94-AAD3-FD9027AE1316}
		{5BA325DB-0394-42C4-B090-A2016FF6F207} = {02EA681E-C7D8-13C7-8484-4AC65E1B71E8}
		{919586CB-EF72-4A20-826D-2C7EE5636E28} = {02EA681E-C7D8-13C7-8484-4AC65E1B71E8}
		{7F48F682-F738-4500-83C9-2D0BA4B6E1A2} = {02EA681E-C7D8-13C7-8484-4AC65E1B71E8}
		{C45ED20E-76B3-4FC4-8045-F62A9EF76CD7} = {02EA681E-C7D8-13C7-8484-4AC65E1B71E8}
		{477DFE3E-38A9-4FFE-BDF7-3786E48E2093} = {02EA681E-C7D8-13C7-8484-4AC65E1B71E8}
		{AC3BA78C-5F1D-4CC0-9840-F02C93BBAB4A} = {2D58ADA0-B355-4A9E-8ECC-E2703C0C57BA}
		{BE99A747-4C98-4F86-B761-53BE542F92C7} = {2D58ADA0-B355-4A9E-8ECC-E2703C0C57BA}
		{440A9C59-5605-4FD6-AB9B-394B5FE34F55} = {2D58ADA0-B355-4A9E-8ECC-E2703C0C57BA}
		{5D44F5C6-0722-4D3A-9DA6-0458C7AC00F7} = {2D58ADA0-B355-4A9E-8ECC-E2703C0C57BA}
		{4DC84085-829C-4B33-B17C-B7093A50D685} = {EDF025EE-2153-4501-8CA9-972A7070769D}
		{1F93BD40-5B20-4FDB-A54A-0EB65B2B1FA9} = {3AC1EB1E-78B9-4427-81C8-5ED68E2218B5}
		{E0AAE0DE-A54C-4B96-B38E-2A296D94D7C3} = {3AC1EB1E-78B9-4427-81C8-5ED68E2218B5}
		{37BD24A9-AE9D-437D-840B-74DC44800CE5} = {3AC1EB1E-78B9-4427-81C8-5ED68E2218B5}
		{49D57EE9-D44C-4630-9EE0-44BBC35C065D} = {3AC1EB1E-78B9-4427-81C8-5ED68E2218B5}
		{07267270-2A5C-4E36-A9C9-0CFED4F9C1FF} = {3AC1EB1E-78B9-4427-81C8-5ED68E2218B5}
		{C8542865-2542-4EE9-B567-02BAB7C504D0} = {3AC1EB1E-78B9-4427-81C8-5ED68E2218B5}
		{03384FFB-5126-418E-A01C-63B06EBDDA0D} = {49D57EE9-D44C-4630-9EE0-44BBC35C065D}
		{8AC38094-2C8A-4DB9-B611-AFF53AB91DF5} = {1F93BD40-5B20-4FDB-A54A-0EB65B2B1FA9}
		{30E7D109-7B20-4FAE-8ECE-2D67C6A2DE09} = {1F93BD40-5B20-4FDB-A54A-0EB65B2B1FA9}
		{FC83A7BA-CC52-4CD3-8EDC-558CB11EC068} = {E0AAE0DE-A54C-4B96-B38E-2A296D94D7C3}
		{2A65A3C9-0AB6-443B-A5BC-6EA2F73CD150} = {E0AAE0DE-A54C-4B96-B38E-2A296D94D7C3}
		{66CD8F5A-D96B-40DE-BBE8-70B30B4DAC0B} = {07267270-2A5C-4E36-A9C9-0CFED4F9C1FF}
		{CD519BD5-5726-428D-AA64-EC7AB2FB1590} = {07267270-2A5C-4E36-A9C9-0CFED4F9C1FF}
		{040F02AE-FDD0-46CA-ADAB-6A539650E8B0} = {37BD24A9-AE9D-437D-840B-74DC44800CE5}
		{4AC00106-797A-4E5D-83A3-8E4B6A69B5E8} = {37BD24A9-AE9D-437D-840B-74DC44800CE5}
		{55040531-BCE1-481A-8EB2-6EEEADD9DE3A} = {C8542865-2542-4EE9-B567-02BAB7C504D0}
		{754298AC-7CC1-4F59-A334-275BF8E49956} = {E8EC15FF-7352-44A3-8776-99C09975D7AD}
	EndGlobalSection
	GlobalSection(ExtensibilityGlobals) = postSolution
		SolutionGuid = {19EBBEF1-8991-417A-AACA-2B4BF39FA9FB}
	EndGlobalSection
EndGlobal
